// !$*UTF8*$!
{
	archiveVersion = 1;
	classes = {
	};
	objectVersion = 55;
	objects = {

/* Begin PBXBuildFile section */
		1E1428582750797000ED0F77 /* ImageLoader.swift in Sources */ = {isa = PBXBuildFile; fileRef = 1E1428572750797000ED0F77 /* ImageLoader.swift */; };
		1E1C5FA32756BAA900790DDE /* CustomButtonStyle.swift in Sources */ = {isa = PBXBuildFile; fileRef = 1E1C5FA22756BAA900790DDE /* CustomButtonStyle.swift */; };
		1E269BC02753F24800DCD06E /* FooterSection.swift in Sources */ = {isa = PBXBuildFile; fileRef = 1E269BBF2753F24800DCD06E /* FooterSection.swift */; };
		1E407827274F484000FF8E4F /* CardsViewModel.swift in Sources */ = {isa = PBXBuildFile; fileRef = 1E407826274F484000FF8E4F /* CardsViewModel.swift */; };
		1E40782E274F501A00FF8E4F /* Image+Extension.swift in Sources */ = {isa = PBXBuildFile; fileRef = 1E40782D274F501A00FF8E4F /* Image+Extension.swift */; };
		1E71A72A2751EA7600F97169 /* LoadingState.swift in Sources */ = {isa = PBXBuildFile; fileRef = 1E71A7292751EA7600F97169 /* LoadingState.swift */; };
		1E71A72C2751F08500F97169 /* ErrorAlertView.swift in Sources */ = {isa = PBXBuildFile; fileRef = 1E71A72B2751F08500F97169 /* ErrorAlertView.swift */; };
		1E71A72E2751FDD800F97169 /* LoadableObject.swift in Sources */ = {isa = PBXBuildFile; fileRef = 1E71A72D2751FDD800F97169 /* LoadableObject.swift */; };
		1E71A7302751FDF200F97169 /* AsyncContentView.swift in Sources */ = {isa = PBXBuildFile; fileRef = 1E71A72F2751FDF200F97169 /* AsyncContentView.swift */; };
		1EBCF8B52758081B00195BCA /* SelectedAssetsGridView.swift in Sources */ = {isa = PBXBuildFile; fileRef = 1EBCF8B42758081B00195BCA /* SelectedAssetsGridView.swift */; };
		1EF45ACA274D689D00DB6124 /* Photo_TinderApp.swift in Sources */ = {isa = PBXBuildFile; fileRef = 1EF45AC9274D689D00DB6124 /* Photo_TinderApp.swift */; };
		1EF45ACC274D689D00DB6124 /* ContentView.swift in Sources */ = {isa = PBXBuildFile; fileRef = 1EF45ACB274D689D00DB6124 /* ContentView.swift */; };
		1EF45ACE274D689E00DB6124 /* Assets.xcassets in Resources */ = {isa = PBXBuildFile; fileRef = 1EF45ACD274D689E00DB6124 /* Assets.xcassets */; };
		1EF45AD1274D689E00DB6124 /* Preview Assets.xcassets in Resources */ = {isa = PBXBuildFile; fileRef = 1EF45AD0274D689E00DB6124 /* Preview Assets.xcassets */; };
		1EF45AD8274F37F300DB6124 /* CardView.swift in Sources */ = {isa = PBXBuildFile; fileRef = 1EF45AD7274F37F300DB6124 /* CardView.swift */; };
		1EF45ADA274F381C00DB6124 /* Card.swift in Sources */ = {isa = PBXBuildFile; fileRef = 1EF45AD9274F381C00DB6124 /* Card.swift */; };
		1EF45ADC274F38B300DB6124 /* CardsSection.swift in Sources */ = {isa = PBXBuildFile; fileRef = 1EF45ADB274F38B300DB6124 /* CardsSection.swift */; };
		1EF9D428275178C600F75C12 /* VideoLoader.swift in Sources */ = {isa = PBXBuildFile; fileRef = 1EF9D427275178C600F75C12 /* VideoLoader.swift */; };
/* End PBXBuildFile section */

/* Begin PBXFileReference section */
		1E1428572750797000ED0F77 /* ImageLoader.swift */ = {isa = PBXFileReference; lastKnownFileType = sourcecode.swift; path = ImageLoader.swift; sourceTree = "<group>"; };
		1E1C5FA22756BAA900790DDE /* CustomButtonStyle.swift */ = {isa = PBXFileReference; lastKnownFileType = sourcecode.swift; path = CustomButtonStyle.swift; sourceTree = "<group>"; };
		1E269BBF2753F24800DCD06E /* FooterSection.swift */ = {isa = PBXFileReference; lastKnownFileType = sourcecode.swift; path = FooterSection.swift; sourceTree = "<group>"; };
		1E407826274F484000FF8E4F /* CardsViewModel.swift */ = {isa = PBXFileReference; lastKnownFileType = sourcecode.swift; path = CardsViewModel.swift; sourceTree = "<group>"; };
		1E40782D274F501A00FF8E4F /* Image+Extension.swift */ = {isa = PBXFileReference; lastKnownFileType = sourcecode.swift; path = "Image+Extension.swift"; sourceTree = "<group>"; };
		1E71A7292751EA7600F97169 /* LoadingState.swift */ = {isa = PBXFileReference; lastKnownFileType = sourcecode.swift; path = LoadingState.swift; sourceTree = "<group>"; };
		1E71A72B2751F08500F97169 /* ErrorAlertView.swift */ = {isa = PBXFileReference; lastKnownFileType = sourcecode.swift; path = ErrorAlertView.swift; sourceTree = "<group>"; };
		1E71A72D2751FDD800F97169 /* LoadableObject.swift */ = {isa = PBXFileReference; lastKnownFileType = sourcecode.swift; path = LoadableObject.swift; sourceTree = "<group>"; };
		1E71A72F2751FDF200F97169 /* AsyncContentView.swift */ = {isa = PBXFileReference; lastKnownFileType = sourcecode.swift; path = AsyncContentView.swift; sourceTree = "<group>"; };
		1EBCF8B42758081B00195BCA /* SelectedAssetsGridView.swift */ = {isa = PBXFileReference; lastKnownFileType = sourcecode.swift; path = SelectedAssetsGridView.swift; sourceTree = "<group>"; };
		1EF45AC6274D689D00DB6124 /* Photo Tinder.app */ = {isa = PBXFileReference; explicitFileType = wrapper.application; includeInIndex = 0; path = "Photo Tinder.app"; sourceTree = BUILT_PRODUCTS_DIR; };
		1EF45AC9274D689D00DB6124 /* Photo_TinderApp.swift */ = {isa = PBXFileReference; lastKnownFileType = sourcecode.swift; path = Photo_TinderApp.swift; sourceTree = "<group>"; };
		1EF45ACB274D689D00DB6124 /* ContentView.swift */ = {isa = PBXFileReference; lastKnownFileType = sourcecode.swift; path = ContentView.swift; sourceTree = "<group>"; };
		1EF45ACD274D689E00DB6124 /* Assets.xcassets */ = {isa = PBXFileReference; lastKnownFileType = folder.assetcatalog; path = Assets.xcassets; sourceTree = "<group>"; };
		1EF45AD0274D689E00DB6124 /* Preview Assets.xcassets */ = {isa = PBXFileReference; lastKnownFileType = folder.assetcatalog; path = "Preview Assets.xcassets"; sourceTree = "<group>"; };
		1EF45AD7274F37F300DB6124 /* CardView.swift */ = {isa = PBXFileReference; lastKnownFileType = sourcecode.swift; path = CardView.swift; sourceTree = "<group>"; };
		1EF45AD9274F381C00DB6124 /* Card.swift */ = {isa = PBXFileReference; lastKnownFileType = sourcecode.swift; path = Card.swift; sourceTree = "<group>"; };
		1EF45ADB274F38B300DB6124 /* CardsSection.swift */ = {isa = PBXFileReference; lastKnownFileType = sourcecode.swift; path = CardsSection.swift; sourceTree = "<group>"; };
		1EF9D427275178C600F75C12 /* VideoLoader.swift */ = {isa = PBXFileReference; lastKnownFileType = sourcecode.swift; path = VideoLoader.swift; sourceTree = "<group>"; };
/* End PBXFileReference section */

/* Begin PBXFrameworksBuildPhase section */
		1EF45AC3274D689D00DB6124 /* Frameworks */ = {
			isa = PBXFrameworksBuildPhase;
			buildActionMask = 2147483647;
			files = (
			);
			runOnlyForDeploymentPostprocessing = 0;
		};
/* End PBXFrameworksBuildPhase section */

/* Begin PBXGroup section */
		1E71A7312751FE0500F97169 /* Generic Loading */ = {
			isa = PBXGroup;
			children = (
				1E71A72F2751FDF200F97169 /* AsyncContentView.swift */,
				1E71A72B2751F08500F97169 /* ErrorAlertView.swift */,
				1E71A7292751EA7600F97169 /* LoadingState.swift */,
				1E71A72D2751FDD800F97169 /* LoadableObject.swift */,
			);
			path = "Generic Loading";
			sourceTree = "<group>";
		};
		1E71A7322751FE5E00F97169 /* Resources */ = {
			isa = PBXGroup;
			children = (
				1EF45ACD274D689E00DB6124 /* Assets.xcassets */,
			);
			path = Resources;
			sourceTree = "<group>";
		};
		1EF45ABD274D689D00DB6124 = {
			isa = PBXGroup;
			children = (
				1EF45AC8274D689D00DB6124 /* Photo Tinder */,
				1EF45AC7274D689D00DB6124 /* Products */,
			);
			sourceTree = "<group>";
		};
		1EF45AC7274D689D00DB6124 /* Products */ = {
			isa = PBXGroup;
			children = (
				1EF45AC6274D689D00DB6124 /* Photo Tinder.app */,
			);
			name = Products;
			sourceTree = "<group>";
		};
		1EF45AC8274D689D00DB6124 /* Photo Tinder */ = {
			isa = PBXGroup;
			children = (
				1EF45ADB274F38B300DB6124 /* CardsSection.swift */,
				1E407826274F484000FF8E4F /* CardsViewModel.swift */,
				1EF45AD7274F37F300DB6124 /* CardView.swift */,
				1E269BBF2753F24800DCD06E /* FooterSection.swift */,
				1E1C5FA22756BAA900790DDE /* CustomButtonStyle.swift */,
				1EF45AD9274F381C00DB6124 /* Card.swift */,
				1EF45ACB274D689D00DB6124 /* ContentView.swift */,
				1EBCF8B42758081B00195BCA /* SelectedAssetsGridView.swift */,
				1E40782D274F501A00FF8E4F /* Image+Extension.swift */,
				1E1428572750797000ED0F77 /* ImageLoader.swift */,
				1EF45AC9274D689D00DB6124 /* Photo_TinderApp.swift */,
				1EF9D427275178C600F75C12 /* VideoLoader.swift */,
				1E71A7312751FE0500F97169 /* Generic Loading */,
				1E71A7322751FE5E00F97169 /* Resources */,
				1EF45ACF274D689E00DB6124 /* Preview Content */,
			);
			path = "Photo Tinder";
			sourceTree = "<group>";
		};
		1EF45ACF274D689E00DB6124 /* Preview Content */ = {
			isa = PBXGroup;
			children = (
				1EF45AD0274D689E00DB6124 /* Preview Assets.xcassets */,
			);
			path = "Preview Content";
			sourceTree = "<group>";
		};
/* End PBXGroup section */

/* Begin PBXNativeTarget section */
		1EF45AC5274D689D00DB6124 /* Photo Tinder */ = {
			isa = PBXNativeTarget;
			buildConfigurationList = 1EF45AD4274D689E00DB6124 /* Build configuration list for PBXNativeTarget "Photo Tinder" */;
			buildPhases = (
				1EF45AC2274D689D00DB6124 /* Sources */,
				1EF45AC3274D689D00DB6124 /* Frameworks */,
				1EF45AC4274D689D00DB6124 /* Resources */,
			);
			buildRules = (
			);
			dependencies = (
			);
			name = "Photo Tinder";
			productName = "Photo Tinder";
			productReference = 1EF45AC6274D689D00DB6124 /* Photo Tinder.app */;
			productType = "com.apple.product-type.application";
		};
/* End PBXNativeTarget section */

/* Begin PBXProject section */
		1EF45ABE274D689D00DB6124 /* Project object */ = {
			isa = PBXProject;
			attributes = {
				BuildIndependentTargetsInParallel = 1;
				LastSwiftUpdateCheck = 1310;
				LastUpgradeCheck = 1310;
				TargetAttributes = {
					1EF45AC5274D689D00DB6124 = {
						CreatedOnToolsVersion = 13.1;
					};
				};
			};
			buildConfigurationList = 1EF45AC1274D689D00DB6124 /* Build configuration list for PBXProject "Photo Tinder" */;
			compatibilityVersion = "Xcode 13.0";
			developmentRegion = en;
			hasScannedForEncodings = 0;
			knownRegions = (
				en,
				Base,
			);
			mainGroup = 1EF45ABD274D689D00DB6124;
			productRefGroup = 1EF45AC7274D689D00DB6124 /* Products */;
			projectDirPath = "";
			projectRoot = "";
			targets = (
				1EF45AC5274D689D00DB6124 /* Photo Tinder */,
			);
		};
/* End PBXProject section */

/* Begin PBXResourcesBuildPhase section */
		1EF45AC4274D689D00DB6124 /* Resources */ = {
			isa = PBXResourcesBuildPhase;
			buildActionMask = 2147483647;
			files = (
				1EF45AD1274D689E00DB6124 /* Preview Assets.xcassets in Resources */,
				1EF45ACE274D689E00DB6124 /* Assets.xcassets in Resources */,
			);
			runOnlyForDeploymentPostprocessing = 0;
		};
/* End PBXResourcesBuildPhase section */

/* Begin PBXSourcesBuildPhase section */
		1EF45AC2274D689D00DB6124 /* Sources */ = {
			isa = PBXSourcesBuildPhase;
			buildActionMask = 2147483647;
			files = (
				1EF45ACC274D689D00DB6124 /* ContentView.swift in Sources */,
				1E40782E274F501A00FF8E4F /* Image+Extension.swift in Sources */,
				1E71A7302751FDF200F97169 /* AsyncContentView.swift in Sources */,
				1E71A72E2751FDD800F97169 /* LoadableObject.swift in Sources */,
				1EBCF8B52758081B00195BCA /* SelectedAssetsGridView.swift in Sources */,
				1E269BC02753F24800DCD06E /* FooterSection.swift in Sources */,
				1E71A72A2751EA7600F97169 /* LoadingState.swift in Sources */,
				1EF45AD8274F37F300DB6124 /* CardView.swift in Sources */,
				1E407827274F484000FF8E4F /* CardsViewModel.swift in Sources */,
				1EF45ACA274D689D00DB6124 /* Photo_TinderApp.swift in Sources */,
				1EF9D428275178C600F75C12 /* VideoLoader.swift in Sources */,
				1EF45ADC274F38B300DB6124 /* CardsSection.swift in Sources */,
				1E1428582750797000ED0F77 /* ImageLoader.swift in Sources */,
				1E1C5FA32756BAA900790DDE /* CustomButtonStyle.swift in Sources */,
				1EF45ADA274F381C00DB6124 /* Card.swift in Sources */,
				1E71A72C2751F08500F97169 /* ErrorAlertView.swift in Sources */,
			);
			runOnlyForDeploymentPostprocessing = 0;
		};
/* End PBXSourcesBuildPhase section */

/* Begin XCBuildConfiguration section */
		1EF45AD2274D689E00DB6124 /* Debug */ = {
			isa = XCBuildConfiguration;
			buildSettings = {
				ALWAYS_SEARCH_USER_PATHS = NO;
				CLANG_ANALYZER_NONNULL = YES;
				CLANG_ANALYZER_NUMBER_OBJECT_CONVERSION = YES_AGGRESSIVE;
				CLANG_CXX_LANGUAGE_STANDARD = "gnu++17";
				CLANG_CXX_LIBRARY = "libc++";
				CLANG_ENABLE_MODULES = YES;
				CLANG_ENABLE_OBJC_ARC = YES;
				CLANG_ENABLE_OBJC_WEAK = YES;
				CLANG_WARN_BLOCK_CAPTURE_AUTORELEASING = YES;
				CLANG_WARN_BOOL_CONVERSION = YES;
				CLANG_WARN_COMMA = YES;
				CLANG_WARN_CONSTANT_CONVERSION = YES;
				CLANG_WARN_DEPRECATED_OBJC_IMPLEMENTATIONS = YES;
				CLANG_WARN_DIRECT_OBJC_ISA_USAGE = YES_ERROR;
				CLANG_WARN_DOCUMENTATION_COMMENTS = YES;
				CLANG_WARN_EMPTY_BODY = YES;
				CLANG_WARN_ENUM_CONVERSION = YES;
				CLANG_WARN_INFINITE_RECURSION = YES;
				CLANG_WARN_INT_CONVERSION = YES;
				CLANG_WARN_NON_LITERAL_NULL_CONVERSION = YES;
				CLANG_WARN_OBJC_IMPLICIT_RETAIN_SELF = YES;
				CLANG_WARN_OBJC_LITERAL_CONVERSION = YES;
				CLANG_WARN_OBJC_ROOT_CLASS = YES_ERROR;
				CLANG_WARN_QUOTED_INCLUDE_IN_FRAMEWORK_HEADER = YES;
				CLANG_WARN_RANGE_LOOP_ANALYSIS = YES;
				CLANG_WARN_STRICT_PROTOTYPES = YES;
				CLANG_WARN_SUSPICIOUS_MOVE = YES;
				CLANG_WARN_UNGUARDED_AVAILABILITY = YES_AGGRESSIVE;
				CLANG_WARN_UNREACHABLE_CODE = YES;
				CLANG_WARN__DUPLICATE_METHOD_MATCH = YES;
				COPY_PHASE_STRIP = NO;
				DEBUG_INFORMATION_FORMAT = dwarf;
				ENABLE_STRICT_OBJC_MSGSEND = YES;
				ENABLE_TESTABILITY = YES;
				GCC_C_LANGUAGE_STANDARD = gnu11;
				GCC_DYNAMIC_NO_PIC = NO;
				GCC_NO_COMMON_BLOCKS = YES;
				GCC_OPTIMIZATION_LEVEL = 0;
				GCC_PREPROCESSOR_DEFINITIONS = (
					"DEBUG=1",
					"$(inherited)",
				);
				GCC_WARN_64_TO_32_BIT_CONVERSION = YES;
				GCC_WARN_ABOUT_RETURN_TYPE = YES_ERROR;
				GCC_WARN_UNDECLARED_SELECTOR = YES;
				GCC_WARN_UNINITIALIZED_AUTOS = YES_AGGRESSIVE;
				GCC_WARN_UNUSED_FUNCTION = YES;
				GCC_WARN_UNUSED_VARIABLE = YES;
				IPHONEOS_DEPLOYMENT_TARGET = 15.0;
				MTL_ENABLE_DEBUG_INFO = INCLUDE_SOURCE;
				MTL_FAST_MATH = YES;
				ONLY_ACTIVE_ARCH = YES;
				SDKROOT = iphoneos;
				SWIFT_ACTIVE_COMPILATION_CONDITIONS = DEBUG;
				SWIFT_OPTIMIZATION_LEVEL = "-Onone";
			};
			name = Debug;
		};
		1EF45AD3274D689E00DB6124 /* Release */ = {
			isa = XCBuildConfiguration;
			buildSettings = {
				ALWAYS_SEARCH_USER_PATHS = NO;
				CLANG_ANALYZER_NONNULL = YES;
				CLANG_ANALYZER_NUMBER_OBJECT_CONVERSION = YES_AGGRESSIVE;
				CLANG_CXX_LANGUAGE_STANDARD = "gnu++17";
				CLANG_CXX_LIBRARY = "libc++";
				CLANG_ENABLE_MODULES = YES;
				CLANG_ENABLE_OBJC_ARC = YES;
				CLANG_ENABLE_OBJC_WEAK = YES;
				CLANG_WARN_BLOCK_CAPTURE_AUTORELEASING = YES;
				CLANG_WARN_BOOL_CONVERSION = YES;
				CLANG_WARN_COMMA = YES;
				CLANG_WARN_CONSTANT_CONVERSION = YES;
				CLANG_WARN_DEPRECATED_OBJC_IMPLEMENTATIONS = YES;
				CLANG_WARN_DIRECT_OBJC_ISA_USAGE = YES_ERROR;
				CLANG_WARN_DOCUMENTATION_COMMENTS = YES;
				CLANG_WARN_EMPTY_BODY = YES;
				CLANG_WARN_ENUM_CONVERSION = YES;
				CLANG_WARN_INFINITE_RECURSION = YES;
				CLANG_WARN_INT_CONVERSION = YES;
				CLANG_WARN_NON_LITERAL_NULL_CONVERSION = YES;
				CLANG_WARN_OBJC_IMPLICIT_RETAIN_SELF = YES;
				CLANG_WARN_OBJC_LITERAL_CONVERSION = YES;
				CLANG_WARN_OBJC_ROOT_CLASS = YES_ERROR;
				CLANG_WARN_QUOTED_INCLUDE_IN_FRAMEWORK_HEADER = YES;
				CLANG_WARN_RANGE_LOOP_ANALYSIS = YES;
				CLANG_WARN_STRICT_PROTOTYPES = YES;
				CLANG_WARN_SUSPICIOUS_MOVE = YES;
				CLANG_WARN_UNGUARDED_AVAILABILITY = YES_AGGRESSIVE;
				CLANG_WARN_UNREACHABLE_CODE = YES;
				CLANG_WARN__DUPLICATE_METHOD_MATCH = YES;
				COPY_PHASE_STRIP = NO;
				DEBUG_INFORMATION_FORMAT = "dwarf-with-dsym";
				ENABLE_NS_ASSERTIONS = NO;
				ENABLE_STRICT_OBJC_MSGSEND = YES;
				GCC_C_LANGUAGE_STANDARD = gnu11;
				GCC_NO_COMMON_BLOCKS = YES;
				GCC_WARN_64_TO_32_BIT_CONVERSION = YES;
				GCC_WARN_ABOUT_RETURN_TYPE = YES_ERROR;
				GCC_WARN_UNDECLARED_SELECTOR = YES;
				GCC_WARN_UNINITIALIZED_AUTOS = YES_AGGRESSIVE;
				GCC_WARN_UNUSED_FUNCTION = YES;
				GCC_WARN_UNUSED_VARIABLE = YES;
				IPHONEOS_DEPLOYMENT_TARGET = 15.0;
				MTL_ENABLE_DEBUG_INFO = NO;
				MTL_FAST_MATH = YES;
				SDKROOT = iphoneos;
				SWIFT_COMPILATION_MODE = wholemodule;
				SWIFT_OPTIMIZATION_LEVEL = "-O";
				VALIDATE_PRODUCT = YES;
			};
			name = Release;
		};
		1EF45AD5274D689E00DB6124 /* Debug */ = {
			isa = XCBuildConfiguration;
			buildSettings = {
				ASSETCATALOG_COMPILER_APPICON_NAME = AppIcon;
				ASSETCATALOG_COMPILER_GLOBAL_ACCENT_COLOR_NAME = AccentColor;
				CODE_SIGN_IDENTITY = "Apple Development";
				CODE_SIGN_STYLE = Automatic;
				CURRENT_PROJECT_VERSION = 1;
				DEVELOPMENT_ASSET_PATHS = "\"Photo Tinder/Preview Content\"";
				DEVELOPMENT_TEAM = 97ZTE25D2E;
				ENABLE_PREVIEWS = YES;
				GENERATE_INFOPLIST_FILE = YES;
				INFOPLIST_KEY_NSPhotoLibraryUsageDescription = "Needed to show your library photos";
				INFOPLIST_KEY_UIApplicationSceneManifest_Generation = YES;
				INFOPLIST_KEY_UIApplicationSupportsIndirectInputEvents = YES;
				INFOPLIST_KEY_UILaunchScreen_Generation = YES;
				INFOPLIST_KEY_UISupportedInterfaceOrientations_iPad = "UIInterfaceOrientationPortrait UIInterfaceOrientationPortraitUpsideDown UIInterfaceOrientationLandscapeLeft UIInterfaceOrientationLandscapeRight";
				INFOPLIST_KEY_UISupportedInterfaceOrientations_iPhone = "UIInterfaceOrientationPortrait UIInterfaceOrientationLandscapeLeft UIInterfaceOrientationLandscapeRight";
				LD_RUNPATH_SEARCH_PATHS = (
					"$(inherited)",
					"@executable_path/Frameworks",
				);
				MARKETING_VERSION = 1.0;
				PRODUCT_BUNDLE_IDENTIFIER = "Angelina.Photo-Tinder";
				PRODUCT_NAME = "$(TARGET_NAME)";
				PROVISIONING_PROFILE_SPECIFIER = "";
				SWIFT_EMIT_LOC_STRINGS = YES;
				SWIFT_VERSION = 5.0;
				TARGETED_DEVICE_FAMILY = "1,2";
			};
			name = Debug;
		};
		1EF45AD6274D689E00DB6124 /* Release */ = {
			isa = XCBuildConfiguration;
			buildSettings = {
				ASSETCATALOG_COMPILER_APPICON_NAME = AppIcon;
				ASSETCATALOG_COMPILER_GLOBAL_ACCENT_COLOR_NAME = AccentColor;
				CODE_SIGN_IDENTITY = "Apple Development";
				CODE_SIGN_STYLE = Automatic;
				CURRENT_PROJECT_VERSION = 1;
				DEVELOPMENT_ASSET_PATHS = "\"Photo Tinder/Preview Content\"";
				DEVELOPMENT_TEAM = 97ZTE25D2E;
				ENABLE_PREVIEWS = YES;
				GENERATE_INFOPLIST_FILE = YES;
				INFOPLIST_KEY_NSPhotoLibraryUsageDescription = "Needed to show your library photos";
				INFOPLIST_KEY_UIApplicationSceneManifest_Generation = YES;
				INFOPLIST_KEY_UIApplicationSupportsIndirectInputEvents = YES;
				INFOPLIST_KEY_UILaunchScreen_Generation = YES;
				INFOPLIST_KEY_UISupportedInterfaceOrientations_iPad = "UIInterfaceOrientationPortrait UIInterfaceOrientationPortraitUpsideDown UIInterfaceOrientationLandscapeLeft UIInterfaceOrientationLandscapeRight";
				INFOPLIST_KEY_UISupportedInterfaceOrientations_iPhone = "UIInterfaceOrientationPortrait UIInterfaceOrientationLandscapeLeft UIInterfaceOrientationLandscapeRight";
				LD_RUNPATH_SEARCH_PATHS = (
					"$(inherited)",
					"@executable_path/Frameworks",
				);
				MARKETING_VERSION = 1.0;
				PRODUCT_BUNDLE_IDENTIFIER = "Angelina.Photo-Tinder";
				PRODUCT_NAME = "$(TARGET_NAME)";
				PROVISIONING_PROFILE_SPECIFIER = "";
				SWIFT_EMIT_LOC_STRINGS = YES;
				SWIFT_VERSION = 5.0;
				TARGETED_DEVICE_FAMILY = "1,2";
			};
			name = Release;
		};
/* End XCBuildConfiguration section */

/* Begin XCConfigurationList section */
		1EF45AC1274D689D00DB6124 /* Build configuration list for PBXProject "Photo Tinder" */ = {
			isa = XCConfigurationList;
			buildConfigurations = (
				1EF45AD2274D689E00DB6124 /* Debug */,
				1EF45AD3274D689E00DB6124 /* Release */,
			);
			defaultConfigurationIsVisible = 0;
			defaultConfigurationName = Release;
		};
		1EF45AD4274D689E00DB6124 /* Build configuration list for PBXNativeTarget "Photo Tinder" */ = {
			isa = XCConfigurationList;
			buildConfigurations = (
				1EF45AD5274D689E00DB6124 /* Debug */,
				1EF45AD6274D689E00DB6124 /* Release */,
			);
			defaultConfigurationIsVisible = 0;
			defaultConfigurationName = Release;
		};
/* End XCConfigurationList section */
	};
	rootObject = 1EF45ABE274D689D00DB6124 /* Project object */;
}
